// !$*UTF8*$!
{
	archiveVersion = 1;
	classes = {
	};
	objectVersion = 56;
	objects = {

/* Begin PBXBuildFile section */
		84376FCA2B58DC6A00549916 /* OnBoardVC.swift in Sources */ = {isa = PBXBuildFile; fileRef = 84376FC92B58DC6A00549916 /* OnBoardVC.swift */; };
		84376FCD2B58DDD200549916 /* OnBoardModel.swift in Sources */ = {isa = PBXBuildFile; fileRef = 84376FCC2B58DDD200549916 /* OnBoardModel.swift */; };
		84376FD02B58DED100549916 /* OnBoardCell.swift in Sources */ = {isa = PBXBuildFile; fileRef = 84376FCF2B58DED100549916 /* OnBoardCell.swift */; };
		84376FD32B59013D00549916 /* SettingsVC.swift in Sources */ = {isa = PBXBuildFile; fileRef = 84376FD22B59013D00549916 /* SettingsVC.swift */; };
		84413CC12B5CEB6C00C2F414 /* SettingsCell.swift in Sources */ = {isa = PBXBuildFile; fileRef = 84413CC02B5CEB6C00C2F414 /* SettingsCell.swift */; };
		849677F82B5AC003004FB4FF /* ColorTheme.swift in Sources */ = {isa = PBXBuildFile; fileRef = 849677F72B5AC003004FB4FF /* ColorTheme.swift */; };
		849F84322B53D9C5002DDDCC /* AppDelegate.swift in Sources */ = {isa = PBXBuildFile; fileRef = 849F84312B53D9C5002DDDCC /* AppDelegate.swift */; };
		849F84342B53D9C5002DDDCC /* SceneDelegate.swift in Sources */ = {isa = PBXBuildFile; fileRef = 849F84332B53D9C5002DDDCC /* SceneDelegate.swift */; };
		849F843B2B53D9C7002DDDCC /* Assets.xcassets in Resources */ = {isa = PBXBuildFile; fileRef = 849F843A2B53D9C7002DDDCC /* Assets.xcassets */; };
		849F843E2B53D9C7002DDDCC /* LaunchScreen.storyboard in Resources */ = {isa = PBXBuildFile; fileRef = 849F843C2B53D9C7002DDDCC /* LaunchScreen.storyboard */; };
		849F84472B53DA39002DDDCC /* SnapKit in Frameworks */ = {isa = PBXBuildFile; productRef = 849F84462B53DA39002DDDCC /* SnapKit */; };
		849F844F2B53DCDA002DDDCC /* UIColor.swift in Sources */ = {isa = PBXBuildFile; fileRef = 849F844E2B53DCDA002DDDCC /* UIColor.swift */; };
		849F84552B53E66A002DDDCC /* HomeViewVC.swift in Sources */ = {isa = PBXBuildFile; fileRef = 849F84542B53E66A002DDDCC /* HomeViewVC.swift */; };
		849F84572B53E761002DDDCC /* NotesCell.swift in Sources */ = {isa = PBXBuildFile; fileRef = 849F84562B53E761002DDDCC /* NotesCell.swift */; };
		849F84592B53FF10002DDDCC /* HomeController.swift in Sources */ = {isa = PBXBuildFile; fileRef = 849F84582B53FF10002DDDCC /* HomeController.swift */; };
		849F845B2B53FF9D002DDDCC /* HomeModel.swift in Sources */ = {isa = PBXBuildFile; fileRef = 849F845A2B53FF9D002DDDCC /* HomeModel.swift */; };
/* End PBXBuildFile section */

/* Begin PBXFileReference section */
		84376FC92B58DC6A00549916 /* OnBoardVC.swift */ = {isa = PBXFileReference; lastKnownFileType = sourcecode.swift; path = OnBoardVC.swift; sourceTree = "<group>"; };
		84376FCC2B58DDD200549916 /* OnBoardModel.swift */ = {isa = PBXFileReference; lastKnownFileType = sourcecode.swift; path = OnBoardModel.swift; sourceTree = "<group>"; };
		84376FCF2B58DED100549916 /* OnBoardCell.swift */ = {isa = PBXFileReference; lastKnownFileType = sourcecode.swift; path = OnBoardCell.swift; sourceTree = "<group>"; };
		84376FD22B59013D00549916 /* SettingsVC.swift */ = {isa = PBXFileReference; lastKnownFileType = sourcecode.swift; path = SettingsVC.swift; sourceTree = "<group>"; };
		84413CC02B5CEB6C00C2F414 /* SettingsCell.swift */ = {isa = PBXFileReference; lastKnownFileType = sourcecode.swift; path = SettingsCell.swift; sourceTree = "<group>"; };
		849677F72B5AC003004FB4FF /* ColorTheme.swift */ = {isa = PBXFileReference; lastKnownFileType = sourcecode.swift; path = ColorTheme.swift; sourceTree = "<group>"; };
		849F842E2B53D9C5002DDDCC /* ios-22_hw1.app */ = {isa = PBXFileReference; explicitFileType = wrapper.application; includeInIndex = 0; path = "ios-22_hw1.app"; sourceTree = BUILT_PRODUCTS_DIR; };
		849F84312B53D9C5002DDDCC /* AppDelegate.swift */ = {isa = PBXFileReference; lastKnownFileType = sourcecode.swift; path = AppDelegate.swift; sourceTree = "<group>"; };
		849F84332B53D9C5002DDDCC /* SceneDelegate.swift */ = {isa = PBXFileReference; lastKnownFileType = sourcecode.swift; path = SceneDelegate.swift; sourceTree = "<group>"; };
		849F843A2B53D9C7002DDDCC /* Assets.xcassets */ = {isa = PBXFileReference; lastKnownFileType = folder.assetcatalog; path = Assets.xcassets; sourceTree = "<group>"; };
		849F843D2B53D9C7002DDDCC /* Base */ = {isa = PBXFileReference; lastKnownFileType = file.storyboard; name = Base; path = Base.lproj/LaunchScreen.storyboard; sourceTree = "<group>"; };
		849F843F2B53D9C7002DDDCC /* Info.plist */ = {isa = PBXFileReference; lastKnownFileType = text.plist.xml; path = Info.plist; sourceTree = "<group>"; };
		849F844E2B53DCDA002DDDCC /* UIColor.swift */ = {isa = PBXFileReference; lastKnownFileType = sourcecode.swift; path = UIColor.swift; sourceTree = "<group>"; };
		849F84542B53E66A002DDDCC /* HomeViewVC.swift */ = {isa = PBXFileReference; lastKnownFileType = sourcecode.swift; path = HomeViewVC.swift; sourceTree = "<group>"; };
		849F84562B53E761002DDDCC /* NotesCell.swift */ = {isa = PBXFileReference; lastKnownFileType = sourcecode.swift; path = NotesCell.swift; sourceTree = "<group>"; };
		849F84582B53FF10002DDDCC /* HomeController.swift */ = {isa = PBXFileReference; lastKnownFileType = sourcecode.swift; path = HomeController.swift; sourceTree = "<group>"; };
		849F845A2B53FF9D002DDDCC /* HomeModel.swift */ = {isa = PBXFileReference; lastKnownFileType = sourcecode.swift; path = HomeModel.swift; sourceTree = "<group>"; };
/* End PBXFileReference section */

/* Begin PBXFrameworksBuildPhase section */
		849F842B2B53D9C5002DDDCC /* Frameworks */ = {
			isa = PBXFrameworksBuildPhase;
			buildActionMask = 2147483647;
			files = (
				849F84472B53DA39002DDDCC /* SnapKit in Frameworks */,
			);
			runOnlyForDeploymentPostprocessing = 0;
		};
/* End PBXFrameworksBuildPhase section */

/* Begin PBXGroup section */
		84376FCB2B58DDB600549916 /* Models */ = {
			isa = PBXGroup;
			children = (
				84376FCC2B58DDD200549916 /* OnBoardModel.swift */,
				849677F72B5AC003004FB4FF /* ColorTheme.swift */,
			);
			path = Models;
			sourceTree = "<group>";
		};
		84376FCE2B58DEC100549916 /* OnBoard */ = {
			isa = PBXGroup;
			children = (
				84376FC92B58DC6A00549916 /* OnBoardVC.swift */,
				84376FCF2B58DED100549916 /* OnBoardCell.swift */,
			);
			path = OnBoard;
			sourceTree = "<group>";
		};
		84376FD12B59012A00549916 /* SettingsVC */ = {
			isa = PBXGroup;
			children = (
				84376FD22B59013D00549916 /* SettingsVC.swift */,
				84413CC02B5CEB6C00C2F414 /* SettingsCell.swift */,
			);
			path = SettingsVC;
			sourceTree = "<group>";
		};
		849F84252B53D9C5002DDDCC = {
			isa = PBXGroup;
			children = (
				849F84302B53D9C5002DDDCC /* ios-22_hw1 */,
				849F842F2B53D9C5002DDDCC /* Products */,
			);
			sourceTree = "<group>";
		};
		849F842F2B53D9C5002DDDCC /* Products */ = {
			isa = PBXGroup;
			children = (
				849F842E2B53D9C5002DDDCC /* ios-22_hw1.app */,
			);
			name = Products;
			sourceTree = "<group>";
		};
		849F84302B53D9C5002DDDCC /* ios-22_hw1 */ = {
			isa = PBXGroup;
			children = (
				84376FCB2B58DDB600549916 /* Models */,
				849F844D2B53DCC4002DDDCC /* Extensions */,
				849F844A2B53DAC6002DDDCC /* Controllers */,
				849F84482B53DAAE002DDDCC /* Delegate */,
				849F84492B53DAB8002DDDCC /* Resource */,
				849F843F2B53D9C7002DDDCC /* Info.plist */,
			);
			path = "ios-22_hw1";
			sourceTree = "<group>";
		};
		849F84482B53DAAE002DDDCC /* Delegate */ = {
			isa = PBXGroup;
			children = (
				849F84332B53D9C5002DDDCC /* SceneDelegate.swift */,
				849F84312B53D9C5002DDDCC /* AppDelegate.swift */,
			);
			path = Delegate;
			sourceTree = "<group>";
		};
		849F84492B53DAB8002DDDCC /* Resource */ = {
			isa = PBXGroup;
			children = (
				849F843A2B53D9C7002DDDCC /* Assets.xcassets */,
				849F843C2B53D9C7002DDDCC /* LaunchScreen.storyboard */,
			);
			path = Resource;
			sourceTree = "<group>";
		};
		849F844A2B53DAC6002DDDCC /* Controllers */ = {
			isa = PBXGroup;
			children = (
				849F84532B53E661002DDDCC /* HomeViewVC */,
				84376FD12B59012A00549916 /* SettingsVC */,
				84376FCE2B58DEC100549916 /* OnBoard */,
			);
			path = Controllers;
			sourceTree = "<group>";
		};
		849F844D2B53DCC4002DDDCC /* Extensions */ = {
			isa = PBXGroup;
			children = (
				849F844E2B53DCDA002DDDCC /* UIColor.swift */,
			);
			path = Extensions;
			sourceTree = "<group>";
		};
		849F84532B53E661002DDDCC /* HomeViewVC */ = {
			isa = PBXGroup;
			children = (
				849F84542B53E66A002DDDCC /* HomeViewVC.swift */,
				849F84562B53E761002DDDCC /* NotesCell.swift */,
				849F84582B53FF10002DDDCC /* HomeController.swift */,
				849F845A2B53FF9D002DDDCC /* HomeModel.swift */,
			);
			path = HomeViewVC;
			sourceTree = "<group>";
		};
/* End PBXGroup section */

/* Begin PBXNativeTarget section */
		849F842D2B53D9C5002DDDCC /* ios-22_hw1 */ = {
			isa = PBXNativeTarget;
			buildConfigurationList = 849F84422B53D9C7002DDDCC /* Build configuration list for PBXNativeTarget "ios-22_hw1" */;
			buildPhases = (
				849F842A2B53D9C5002DDDCC /* Sources */,
				849F842B2B53D9C5002DDDCC /* Frameworks */,
				849F842C2B53D9C5002DDDCC /* Resources */,
			);
			buildRules = (
			);
			dependencies = (
			);
			name = "ios-22_hw1";
			packageProductDependencies = (
				849F84462B53DA39002DDDCC /* SnapKit */,
			);
			productName = "ios-22_hw1";
			productReference = 849F842E2B53D9C5002DDDCC /* ios-22_hw1.app */;
			productType = "com.apple.product-type.application";
		};
/* End PBXNativeTarget section */

/* Begin PBXProject section */
		849F84262B53D9C5002DDDCC /* Project object */ = {
			isa = PBXProject;
			attributes = {
				BuildIndependentTargetsInParallel = 1;
				LastSwiftUpdateCheck = 1430;
				LastUpgradeCheck = 1430;
				TargetAttributes = {
					849F842D2B53D9C5002DDDCC = {
						CreatedOnToolsVersion = 14.3.1;
					};
				};
			};
			buildConfigurationList = 849F84292B53D9C5002DDDCC /* Build configuration list for PBXProject "ios-22_hw1" */;
			compatibilityVersion = "Xcode 14.0";
			developmentRegion = en;
			hasScannedForEncodings = 0;
			knownRegions = (
				en,
				Base,
			);
			mainGroup = 849F84252B53D9C5002DDDCC;
			packageReferences = (
				849F84452B53DA39002DDDCC /* XCRemoteSwiftPackageReference "SnapKit" */,
			);
			productRefGroup = 849F842F2B53D9C5002DDDCC /* Products */;
			projectDirPath = "";
			projectRoot = "";
			targets = (
				849F842D2B53D9C5002DDDCC /* ios-22_hw1 */,
			);
		};
/* End PBXProject section */

/* Begin PBXResourcesBuildPhase section */
		849F842C2B53D9C5002DDDCC /* Resources */ = {
			isa = PBXResourcesBuildPhase;
			buildActionMask = 2147483647;
			files = (
				849F843E2B53D9C7002DDDCC /* LaunchScreen.storyboard in Resources */,
				849F843B2B53D9C7002DDDCC /* Assets.xcassets in Resources */,
			);
			runOnlyForDeploymentPostprocessing = 0;
		};
/* End PBXResourcesBuildPhase section */

/* Begin PBXSourcesBuildPhase section */
		849F842A2B53D9C5002DDDCC /* Sources */ = {
			isa = PBXSourcesBuildPhase;
			buildActionMask = 2147483647;
			files = (
				84376FD32B59013D00549916 /* SettingsVC.swift in Sources */,
				84376FCA2B58DC6A00549916 /* OnBoardVC.swift in Sources */,
				849F84572B53E761002DDDCC /* NotesCell.swift in Sources */,
				849F84552B53E66A002DDDCC /* HomeViewVC.swift in Sources */,
				84413CC12B5CEB6C00C2F414 /* SettingsCell.swift in Sources */,
				84376FCD2B58DDD200549916 /* OnBoardModel.swift in Sources */,
				849F84592B53FF10002DDDCC /* HomeController.swift in Sources */,
				849F845B2B53FF9D002DDDCC /* HomeModel.swift in Sources */,
				849F844F2B53DCDA002DDDCC /* UIColor.swift in Sources */,
				84376FD02B58DED100549916 /* OnBoardCell.swift in Sources */,
				849677F82B5AC003004FB4FF /* ColorTheme.swift in Sources */,
				849F84322B53D9C5002DDDCC /* AppDelegate.swift in Sources */,
				849F84342B53D9C5002DDDCC /* SceneDelegate.swift in Sources */,
			);
			runOnlyForDeploymentPostprocessing = 0;
		};
/* End PBXSourcesBuildPhase section */

/* Begin PBXVariantGroup section */
		849F843C2B53D9C7002DDDCC /* LaunchScreen.storyboard */ = {
			isa = PBXVariantGroup;
			children = (
				849F843D2B53D9C7002DDDCC /* Base */,
			);
			name = LaunchScreen.storyboard;
			sourceTree = "<group>";
		};
/* End PBXVariantGroup section */

/* Begin XCBuildConfiguration section */
		849F84402B53D9C7002DDDCC /* Debug */ = {
			isa = XCBuildConfiguration;
			buildSettings = {
				ALWAYS_SEARCH_USER_PATHS = NO;
				CLANG_ANALYZER_NONNULL = YES;
				CLANG_ANALYZER_NUMBER_OBJECT_CONVERSION = YES_AGGRESSIVE;
				CLANG_CXX_LANGUAGE_STANDARD = "gnu++20";
				CLANG_ENABLE_MODULES = YES;
				CLANG_ENABLE_OBJC_ARC = YES;
				CLANG_ENABLE_OBJC_WEAK = YES;
				CLANG_WARN_BLOCK_CAPTURE_AUTORELEASING = YES;
				CLANG_WARN_BOOL_CONVERSION = YES;
				CLANG_WARN_COMMA = YES;
				CLANG_WARN_CONSTANT_CONVERSION = YES;
				CLANG_WARN_DEPRECATED_OBJC_IMPLEMENTATIONS = YES;
				CLANG_WARN_DIRECT_OBJC_ISA_USAGE = YES_ERROR;
				CLANG_WARN_DOCUMENTATION_COMMENTS = YES;
				CLANG_WARN_EMPTY_BODY = YES;
				CLANG_WARN_ENUM_CONVERSION = YES;
				CLANG_WARN_INFINITE_RECURSION = YES;
				CLANG_WARN_INT_CONVERSION = YES;
				CLANG_WARN_NON_LITERAL_NULL_CONVERSION = YES;
				CLANG_WARN_OBJC_IMPLICIT_RETAIN_SELF = YES;
				CLANG_WARN_OBJC_LITERAL_CONVERSION = YES;
				CLANG_WARN_OBJC_ROOT_CLASS = YES_ERROR;
				CLANG_WARN_QUOTED_INCLUDE_IN_FRAMEWORK_HEADER = YES;
				CLANG_WARN_RANGE_LOOP_ANALYSIS = YES;
				CLANG_WARN_STRICT_PROTOTYPES = YES;
				CLANG_WARN_SUSPICIOUS_MOVE = YES;
				CLANG_WARN_UNGUARDED_AVAILABILITY = YES_AGGRESSIVE;
				CLANG_WARN_UNREACHABLE_CODE = YES;
				CLANG_WARN__DUPLICATE_METHOD_MATCH = YES;
				COPY_PHASE_STRIP = NO;
				DEBUG_INFORMATION_FORMAT = dwarf;
				ENABLE_STRICT_OBJC_MSGSEND = YES;
				ENABLE_TESTABILITY = YES;
				GCC_C_LANGUAGE_STANDARD = gnu11;
				GCC_DYNAMIC_NO_PIC = NO;
				GCC_NO_COMMON_BLOCKS = YES;
				GCC_OPTIMIZATION_LEVEL = 0;
				GCC_PREPROCESSOR_DEFINITIONS = (
					"DEBUG=1",
					"$(inherited)",
				);
				GCC_WARN_64_TO_32_BIT_CONVERSION = YES;
				GCC_WARN_ABOUT_RETURN_TYPE = YES_ERROR;
				GCC_WARN_UNDECLARED_SELECTOR = YES;
				GCC_WARN_UNINITIALIZED_AUTOS = YES_AGGRESSIVE;
				GCC_WARN_UNUSED_FUNCTION = YES;
				GCC_WARN_UNUSED_VARIABLE = YES;
				IPHONEOS_DEPLOYMENT_TARGET = 16.4;
				MTL_ENABLE_DEBUG_INFO = INCLUDE_SOURCE;
				MTL_FAST_MATH = YES;
				ONLY_ACTIVE_ARCH = YES;
				SDKROOT = iphoneos;
				SWIFT_ACTIVE_COMPILATION_CONDITIONS = DEBUG;
				SWIFT_OPTIMIZATION_LEVEL = "-Onone";
			};
			name = Debug;
		};
		849F84412B53D9C7002DDDCC /* Release */ = {
			isa = XCBuildConfiguration;
			buildSettings = {
				ALWAYS_SEARCH_USER_PATHS = NO;
				CLANG_ANALYZER_NONNULL = YES;
				CLANG_ANALYZER_NUMBER_OBJECT_CONVERSION = YES_AGGRESSIVE;
				CLANG_CXX_LANGUAGE_STANDARD = "gnu++20";
				CLANG_ENABLE_MODULES = YES;
				CLANG_ENABLE_OBJC_ARC = YES;
				CLANG_ENABLE_OBJC_WEAK = YES;
				CLANG_WARN_BLOCK_CAPTURE_AUTORELEASING = YES;
				CLANG_WARN_BOOL_CONVERSION = YES;
				CLANG_WARN_COMMA = YES;
				CLANG_WARN_CONSTANT_CONVERSION = YES;
				CLANG_WARN_DEPRECATED_OBJC_IMPLEMENTATIONS = YES;
				CLANG_WARN_DIRECT_OBJC_ISA_USAGE = YES_ERROR;
				CLANG_WARN_DOCUMENTATION_COMMENTS = YES;
				CLANG_WARN_EMPTY_BODY = YES;
				CLANG_WARN_ENUM_CONVERSION = YES;
				CLANG_WARN_INFINITE_RECURSION = YES;
				CLANG_WARN_INT_CONVERSION = YES;
				CLANG_WARN_NON_LITERAL_NULL_CONVERSION = YES;
				CLANG_WARN_OBJC_IMPLICIT_RETAIN_SELF = YES;
				CLANG_WARN_OBJC_LITERAL_CONVERSION = YES;
				CLANG_WARN_OBJC_ROOT_CLASS = YES_ERROR;
				CLANG_WARN_QUOTED_INCLUDE_IN_FRAMEWORK_HEADER = YES;
				CLANG_WARN_RANGE_LOOP_ANALYSIS = YES;
				CLANG_WARN_STRICT_PROTOTYPES = YES;
				CLANG_WARN_SUSPICIOUS_MOVE = YES;
				CLANG_WARN_UNGUARDED_AVAILABILITY = YES_AGGRESSIVE;
				CLANG_WARN_UNREACHABLE_CODE = YES;
				CLANG_WARN__DUPLICATE_METHOD_MATCH = YES;
				COPY_PHASE_STRIP = NO;
				DEBUG_INFORMATION_FORMAT = "dwarf-with-dsym";
				ENABLE_NS_ASSERTIONS = NO;
				ENABLE_STRICT_OBJC_MSGSEND = YES;
				GCC_C_LANGUAGE_STANDARD = gnu11;
				GCC_NO_COMMON_BLOCKS = YES;
				GCC_WARN_64_TO_32_BIT_CONVERSION = YES;
				GCC_WARN_ABOUT_RETURN_TYPE = YES_ERROR;
				GCC_WARN_UNDECLARED_SELECTOR = YES;
				GCC_WARN_UNINITIALIZED_AUTOS = YES_AGGRESSIVE;
				GCC_WARN_UNUSED_FUNCTION = YES;
				GCC_WARN_UNUSED_VARIABLE = YES;
				IPHONEOS_DEPLOYMENT_TARGET = 16.4;
				MTL_ENABLE_DEBUG_INFO = NO;
				MTL_FAST_MATH = YES;
				SDKROOT = iphoneos;
				SWIFT_COMPILATION_MODE = wholemodule;
				SWIFT_OPTIMIZATION_LEVEL = "-O";
				VALIDATE_PRODUCT = YES;
			};
			name = Release;
		};
		849F84432B53D9C7002DDDCC /* Debug */ = {
			isa = XCBuildConfiguration;
			buildSettings = {
				ASSETCATALOG_COMPILER_APPICON_NAME = AppIcon;
				ASSETCATALOG_COMPILER_GLOBAL_ACCENT_COLOR_NAME = AccentColor;
				CODE_SIGN_STYLE = Automatic;
				CURRENT_PROJECT_VERSION = 1;
				GENERATE_INFOPLIST_FILE = YES;
				INFOPLIST_FILE = "ios-22_hw1/Info.plist";
				INFOPLIST_KEY_UIApplicationSupportsIndirectInputEvents = YES;
				INFOPLIST_KEY_UILaunchStoryboardName = LaunchScreen;
				INFOPLIST_KEY_UISupportedInterfaceOrientations_iPad = "UIInterfaceOrientationPortrait UIInterfaceOrientationPortraitUpsideDown UIInterfaceOrientationLandscapeLeft UIInterfaceOrientationLandscapeRight";
				INFOPLIST_KEY_UISupportedInterfaceOrientations_iPhone = "UIInterfaceOrientationPortrait UIInterfaceOrientationLandscapeLeft UIInterfaceOrientationLandscapeRight";
				LD_RUNPATH_SEARCH_PATHS = (
					"$(inherited)",
					"@executable_path/Frameworks",
				);
				MARKETING_VERSION = 1.0;
				PRODUCT_BUNDLE_IDENTIFIER = "-2-1.ios-22-hw1";
				PRODUCT_NAME = "$(TARGET_NAME)";
				SWIFT_EMIT_LOC_STRINGS = YES;
				SWIFT_VERSION = 5.0;
				TARGETED_DEVICE_FAMILY = "1,2";
			};
			name = Debug;
		};
		849F84442B53D9C7002DDDCC /* Release */ = {
			isa = XCBuildConfiguration;
			buildSettings = {
				ASSETCATALOG_COMPILER_APPICON_NAME = AppIcon;
				ASSETCATALOG_COMPILER_GLOBAL_ACCENT_COLOR_NAME = AccentColor;
				CODE_SIGN_STYLE = Automatic;
				CURRENT_PROJECT_VERSION = 1;
				GENERATE_INFOPLIST_FILE = YES;
				INFOPLIST_FILE = "ios-22_hw1/Info.plist";
				INFOPLIST_KEY_UIApplicationSupportsIndirectInputEvents = YES;
				INFOPLIST_KEY_UILaunchStoryboardName = LaunchScreen;
				INFOPLIST_KEY_UISupportedInterfaceOrientations_iPad = "UIInterfaceOrientationPortrait UIInterfaceOrientationPortraitUpsideDown UIInterfaceOrientationLandscapeLeft UIInterfaceOrientationLandscapeRight";
				INFOPLIST_KEY_UISupportedInterfaceOrientations_iPhone = "UIInterfaceOrientationPortrait UIInterfaceOrientationLandscapeLeft UIInterfaceOrientationLandscapeRight";
				LD_RUNPATH_SEARCH_PATHS = (
					"$(inherited)",
					"@executable_path/Frameworks",
				);
				MARKETING_VERSION = 1.0;
				PRODUCT_BUNDLE_IDENTIFIER = "-2-1.ios-22-hw1";
				PRODUCT_NAME = "$(TARGET_NAME)";
				SWIFT_EMIT_LOC_STRINGS = YES;
				SWIFT_VERSION = 5.0;
				TARGETED_DEVICE_FAMILY = "1,2";
			};
			name = Release;
		};
/* End XCBuildConfiguration section */

/* Begin XCConfigurationList section */
		849F84292B53D9C5002DDDCC /* Build configuration list for PBXProject "ios-22_hw1" */ = {
			isa = XCConfigurationList;
			buildConfigurations = (
				849F84402B53D9C7002DDDCC /* Debug */,
				849F84412B53D9C7002DDDCC /* Release */,
			);
			defaultConfigurationIsVisible = 0;
			defaultConfigurationName = Release;
		};
		849F84422B53D9C7002DDDCC /* Build configuration list for PBXNativeTarget "ios-22_hw1" */ = {
			isa = XCConfigurationList;
			buildConfigurations = (
				849F84432B53D9C7002DDDCC /* Debug */,
				849F84442B53D9C7002DDDCC /* Release */,
			);
			defaultConfigurationIsVisible = 0;
			defaultConfigurationName = Release;
		};
/* End XCConfigurationList section */

/* Begin XCRemoteSwiftPackageReference section */
		849F84452B53DA39002DDDCC /* XCRemoteSwiftPackageReference "SnapKit" */ = {
			isa = XCRemoteSwiftPackageReference;
			repositoryURL = "https://github.com/SnapKit/SnapKit.git";
			requirement = {
				kind = upToNextMajorVersion;
				minimumVersion = 5.0.0;
			};
		};
/* End XCRemoteSwiftPackageReference section */

/* Begin XCSwiftPackageProductDependency section */
		849F84462B53DA39002DDDCC /* SnapKit */ = {
			isa = XCSwiftPackageProductDependency;
			package = 849F84452B53DA39002DDDCC /* XCRemoteSwiftPackageReference "SnapKit" */;
			productName = SnapKit;
		};
/* End XCSwiftPackageProductDependency section */
	};
	rootObject = 849F84262B53D9C5002DDDCC /* Project object */;
}
